
Microsoft Visual Studio Solution File, Format Version 12.00
# Visual Studio Version 17
VisualStudioVersion = 17.10.35013.160
MinimumVisualStudioVersion = 10.0.40219.1
Project("{FAE04EC0-301F-11D3-BF4B-00C04F79EFBC}") = "StudentAPIProject", "StudentAPIProject.csproj", "{8C485E15-447C-486F-9B95-BF7D750DA910}"
EndProject
Global
	GlobalSection(SolutionConfigurationPlatforms) = preSolution
		Debug|Any CPU = Debug|Any CPU
		Release|Any CPU = Release|Any CPU
	EndGlobalSection
	GlobalSection(ProjectConfigurationPlatforms) = postSolution
		{8C485E15-447C-486F-9B95-BF7D750DA910}.Debug|Any CPU.ActiveCfg = Debug|Any CPU
		{8C485E15-447C-486F-9B95-BF7D750DA910}.Debug|Any CPU.Build.0 = Debug|Any CPU
		{8C485E15-447C-486F-9B95-BF7D750DA910}.Release|Any CPU.ActiveCfg = Release|Any CPU
		{8C485E15-447C-486F-9B95-BF7D750DA910}.Release|Any CPU.Build.0 = Release|Any CPU
	EndGlobalSection
	GlobalSection(SolutionProperties) = preSolution
		HideSolutionNode = FALSE
	EndGlobalSection
	GlobalSection(ExtensibilityGlobals) = postSolution
		SolutionGuid = {4BD9228F-7741-4407-96C1-ED95292F7039}
	EndGlobalSection
EndGlobal
